
Microsoft Visual Studio Solution File, Format Version 11.00
# Visual Studio 2010
Project("{FAE04EC0-301F-11D3-BF4B-00C04F79EFBC}") = "wpf", "wpf\wpf.csproj", "{8291C116-FCAB-491A-8EFC-5BFC62A8ACFA}"
EndProject
Global
	GlobalSection(SolutionConfigurationPlatforms) = preSolution
		Debug|x86 = Debug|x86
		Release|x86 = Release|x86
	EndGlobalSection
	GlobalSection(ProjectConfigurationPlatforms) = postSolution
		{8291C116-FCAB-491A-8EFC-5BFC62A8ACFA}.Debug|x86.ActiveCfg = Debug|x86
		{8291C116-FCAB-491A-8EFC-5BFC62A8ACFA}.Debug|x86.Build.0 = Debug|x86
		{8291C116-FCAB-491A-8EFC-5BFC62A8ACFA}.Release|x86.ActiveCfg = Release|x86
		{8291C116-FCAB-491A-8EFC-5BFC62A8ACFA}.Release|x86.Build.0 = Release|x86
	EndGlobalSection
	GlobalSection(SolutionProperties) = preSolution
		HideSolutionNode = FALSE
	EndGlobalSection
EndGlobal
